// !$*UTF8*$!
{
	archiveVersion = 1;
	classes = {
	};
	objectVersion = 46;
	objects = {

/* Begin PBXBuildFile section */
		512A618CF6C3E0944760D0EE /* Pods_tumblr.framework in Frameworks */ = {isa = PBXBuildFile; fileRef = C2EAFD8353EF8637F0E7EE9E /* Pods_tumblr.framework */; };
		AB0F90021E8DFA6E00383C43 /* PhotosViewController.swift in Sources */ = {isa = PBXBuildFile; fileRef = AB0F90011E8DFA6E00383C43 /* PhotosViewController.swift */; };
		ABBC5C3F1E8DF8B900B18AF9 /* AppDelegate.swift in Sources */ = {isa = PBXBuildFile; fileRef = ABBC5C3E1E8DF8B900B18AF9 /* AppDelegate.swift */; };
		ABBC5C441E8DF8B900B18AF9 /* Main.storyboard in Resources */ = {isa = PBXBuildFile; fileRef = ABBC5C421E8DF8B900B18AF9 /* Main.storyboard */; };
		ABBC5C461E8DF8B900B18AF9 /* Assets.xcassets in Resources */ = {isa = PBXBuildFile; fileRef = ABBC5C451E8DF8B900B18AF9 /* Assets.xcassets */; };
		ABBC5C491E8DF8B900B18AF9 /* LaunchScreen.storyboard in Resources */ = {isa = PBXBuildFile; fileRef = ABBC5C471E8DF8B900B18AF9 /* LaunchScreen.storyboard */; };
/* End PBXBuildFile section */

/* Begin PBXFileReference section */
		0869E3A42E9CF0DEC6C25D4C /* Pods-tumblr.debug.xcconfig */ = {isa = PBXFileReference; includeInIndex = 1; lastKnownFileType = text.xcconfig; name = "Pods-tumblr.debug.xcconfig"; path = "Pods/Target Support Files/Pods-tumblr/Pods-tumblr.debug.xcconfig"; sourceTree = "<group>"; };
		AB0F90011E8DFA6E00383C43 /* PhotosViewController.swift */ = {isa = PBXFileReference; fileEncoding = 4; lastKnownFileType = sourcecode.swift; path = PhotosViewController.swift; sourceTree = "<group>"; };
		ABBC5C3B1E8DF8B900B18AF9 /* tumblr.app */ = {isa = PBXFileReference; explicitFileType = wrapper.application; includeInIndex = 0; path = tumblr.app; sourceTree = BUILT_PRODUCTS_DIR; };
		ABBC5C3E1E8DF8B900B18AF9 /* AppDelegate.swift */ = {isa = PBXFileReference; lastKnownFileType = sourcecode.swift; path = AppDelegate.swift; sourceTree = "<group>"; };
		ABBC5C431E8DF8B900B18AF9 /* Base */ = {isa = PBXFileReference; lastKnownFileType = file.storyboard; name = Base; path = Base.lproj/Main.storyboard; sourceTree = "<group>"; };
		ABBC5C451E8DF8B900B18AF9 /* Assets.xcassets */ = {isa = PBXFileReference; lastKnownFileType = folder.assetcatalog; path = Assets.xcassets; sourceTree = "<group>"; };
		ABBC5C481E8DF8B900B18AF9 /* Base */ = {isa = PBXFileReference; lastKnownFileType = file.storyboard; name = Base; path = Base.lproj/LaunchScreen.storyboard; sourceTree = "<group>"; };
		ABBC5C4A1E8DF8B900B18AF9 /* Info.plist */ = {isa = PBXFileReference; lastKnownFileType = text.plist.xml; path = Info.plist; sourceTree = "<group>"; };
		C2EAFD8353EF8637F0E7EE9E /* Pods_tumblr.framework */ = {isa = PBXFileReference; explicitFileType = wrapper.framework; includeInIndex = 0; path = Pods_tumblr.framework; sourceTree = BUILT_PRODUCTS_DIR; };
		DE4D184538A948624A1F3087 /* Pods-tumblr.release.xcconfig */ = {isa = PBXFileReference; includeInIndex = 1; lastKnownFileType = text.xcconfig; name = "Pods-tumblr.release.xcconfig"; path = "Pods/Target Support Files/Pods-tumblr/Pods-tumblr.release.xcconfig"; sourceTree = "<group>"; };
/* End PBXFileReference section */

/* Begin PBXFrameworksBuildPhase section */
		ABBC5C381E8DF8B900B18AF9 /* Frameworks */ = {
			isa = PBXFrameworksBuildPhase;
			buildActionMask = 2147483647;
			files = (
				512A618CF6C3E0944760D0EE /* Pods_tumblr.framework in Frameworks */,
			);
			runOnlyForDeploymentPostprocessing = 0;
		};
/* End PBXFrameworksBuildPhase section */

/* Begin PBXGroup section */
		0EDA904F21BBBC5143CE5FEE /* Pods */ = {
			isa = PBXGroup;
			children = (
				0869E3A42E9CF0DEC6C25D4C /* Pods-tumblr.debug.xcconfig */,
				DE4D184538A948624A1F3087 /* Pods-tumblr.release.xcconfig */,
			);
			name = Pods;
			sourceTree = "<group>";
		};
		AB0F90001E8DFA3F00383C43 /* controllers */ = {
			isa = PBXGroup;
			children = (
				AB0F90011E8DFA6E00383C43 /* PhotosViewController.swift */,
			);
			name = controllers;
			sourceTree = "<group>";
		};
		ABBC5C321E8DF8B900B18AF9 = {
			isa = PBXGroup;
			children = (
				ABBC5C3D1E8DF8B900B18AF9 /* tumblr */,
				ABBC5C3C1E8DF8B900B18AF9 /* Products */,
				0EDA904F21BBBC5143CE5FEE /* Pods */,
				F14443944F4D04587EDCD51D /* Frameworks */,
			);
			sourceTree = "<group>";
		};
		ABBC5C3C1E8DF8B900B18AF9 /* Products */ = {
			isa = PBXGroup;
			children = (
				ABBC5C3B1E8DF8B900B18AF9 /* tumblr.app */,
			);
			name = Products;
			sourceTree = "<group>";
		};
		ABBC5C3D1E8DF8B900B18AF9 /* tumblr */ = {
			isa = PBXGroup;
			children = (
				AB0F90001E8DFA3F00383C43 /* controllers */,
				ABBC5C3E1E8DF8B900B18AF9 /* AppDelegate.swift */,
				ABBC5C421E8DF8B900B18AF9 /* Main.storyboard */,
				ABBC5C451E8DF8B900B18AF9 /* Assets.xcassets */,
				ABBC5C471E8DF8B900B18AF9 /* LaunchScreen.storyboard */,
				ABBC5C4A1E8DF8B900B18AF9 /* Info.plist */,
			);
			path = tumblr;
			sourceTree = "<group>";
		};
		F14443944F4D04587EDCD51D /* Frameworks */ = {
			isa = PBXGroup;
			children = (
				C2EAFD8353EF8637F0E7EE9E /* Pods_tumblr.framework */,
			);
			name = Frameworks;
			sourceTree = "<group>";
		};
/* End PBXGroup section */

/* Begin PBXNativeTarget section */
		ABBC5C3A1E8DF8B900B18AF9 /* tumblr */ = {
			isa = PBXNativeTarget;
			buildConfigurationList = ABBC5C4D1E8DF8B900B18AF9 /* Build configuration list for PBXNativeTarget "tumblr" */;
			buildPhases = (
				4F40B5CA07437CDFF78F506F /* [CP] Check Pods Manifest.lock */,
				ABBC5C371E8DF8B900B18AF9 /* Sources */,
				ABBC5C381E8DF8B900B18AF9 /* Frameworks */,
				ABBC5C391E8DF8B900B18AF9 /* Resources */,
				806FC01029AFBFBC0767A420 /* [CP] Embed Pods Frameworks */,
				B50C7FC9DA86A44BD6DEF2D4 /* [CP] Copy Pods Resources */,
			);
			buildRules = (
			);
			dependencies = (
			);
			name = tumblr;
			productName = tumblr;
			productReference = ABBC5C3B1E8DF8B900B18AF9 /* tumblr.app */;
			productType = "com.apple.product-type.application";
		};
/* End PBXNativeTarget section */

/* Begin PBXProject section */
		ABBC5C331E8DF8B900B18AF9 /* Project object */ = {
			isa = PBXProject;
			attributes = {
				LastSwiftUpdateCheck = 0820;
				LastUpgradeCheck = 0820;
				ORGANIZATIONNAME = hollywoodno;
				TargetAttributes = {
					ABBC5C3A1E8DF8B900B18AF9 = {
						CreatedOnToolsVersion = 8.2.1;
						ProvisioningStyle = Automatic;
					};
				};
			};
			buildConfigurationList = ABBC5C361E8DF8B900B18AF9 /* Build configuration list for PBXProject "tumblr" */;
			compatibilityVersion = "Xcode 3.2";
			developmentRegion = English;
			hasScannedForEncodings = 0;
			knownRegions = (
				en,
				Base,
			);
			mainGroup = ABBC5C321E8DF8B900B18AF9;
			productRefGroup = ABBC5C3C1E8DF8B900B18AF9 /* Products */;
			projectDirPath = "";
			projectRoot = "";
			targets = (
				ABBC5C3A1E8DF8B900B18AF9 /* tumblr */,
			);
		};
/* End PBXProject section */

/* Begin PBXResourcesBuildPhase section */
		ABBC5C391E8DF8B900B18AF9 /* Resources */ = {
			isa = PBXResourcesBuildPhase;
			buildActionMask = 2147483647;
			files = (
				ABBC5C491E8DF8B900B18AF9 /* LaunchScreen.storyboard in Resources */,
				ABBC5C461E8DF8B900B18AF9 /* Assets.xcassets in Resources */,
				ABBC5C441E8DF8B900B18AF9 /* Main.storyboard in Resources */,
			);
			runOnlyForDeploymentPostprocessing = 0;
		};
/* End PBXResourcesBuildPhase section */

/* Begin PBXShellScriptBuildPhase section */
		4F40B5CA07437CDFF78F506F /* [CP] Check Pods Manifest.lock */ = {
			isa = PBXShellScriptBuildPhase;
			buildActionMask = 2147483647;
			files = (
			);
			inputPaths = (
			);
			name = "[CP] Check Pods Manifest.lock";
			outputPaths = (
			);
			runOnlyForDeploymentPostprocessing = 0;
			shellPath = /bin/sh;
			shellScript = "diff \"${PODS_ROOT}/../Podfile.lock\" \"${PODS_ROOT}/Manifest.lock\" > /dev/null\nif [ $? != 0 ] ; then\n    # print error to STDERR\n    echo \"error: The sandbox is not in sync with the Podfile.lock. Run 'pod install' or update your CocoaPods installation.\" >&2\n    exit 1\nfi\n";
			showEnvVarsInLog = 0;
		};
		806FC01029AFBFBC0767A420 /* [CP] Embed Pods Frameworks */ = {
			isa = PBXShellScriptBuildPhase;
			buildActionMask = 2147483647;
			files = (
			);
			inputPaths = (
			);
			name = "[CP] Embed Pods Frameworks";
			outputPaths = (
			);
			runOnlyForDeploymentPostprocessing = 0;
			shellPath = /bin/sh;
			shellScript = "\"${SRCROOT}/Pods/Target Support Files/Pods-tumblr/Pods-tumblr-frameworks.sh\"\n";
			showEnvVarsInLog = 0;
		};
		B50C7FC9DA86A44BD6DEF2D4 /* [CP] Copy Pods Resources */ = {
			isa = PBXShellScriptBuildPhase;
			buildActionMask = 2147483647;
			files = (
			);
			inputPaths = (
			);
			name = "[CP] Copy Pods Resources";
			outputPaths = (
			);
			runOnlyForDeploymentPostprocessing = 0;
			shellPath = /bin/sh;
			shellScript = "\"${SRCROOT}/Pods/Target Support Files/Pods-tumblr/Pods-tumblr-resources.sh\"\n";
			showEnvVarsInLog = 0;
		};
/* End PBXShellScriptBuildPhase section */

/* Begin PBXSourcesBuildPhase section */
		ABBC5C371E8DF8B900B18AF9 /* Sources */ = {
			isa = PBXSourcesBuildPhase;
			buildActionMask = 2147483647;
			files = (
				ABBC5C3F1E8DF8B900B18AF9 /* AppDelegate.swift in Sources */,
				AB0F90021E8DFA6E00383C43 /* PhotosViewController.swift in Sources */,
			);
			runOnlyForDeploymentPostprocessing = 0;
		};
/* End PBXSourcesBuildPhase section */

/* Begin PBXVariantGroup section */
		ABBC5C421E8DF8B900B18AF9 /* Main.storyboard */ = {
			isa = PBXVariantGroup;
			children = (
				ABBC5C431E8DF8B900B18AF9 /* Base */,
			);
			name = Main.storyboard;
			sourceTree = "<group>";
		};
		ABBC5C471E8DF8B900B18AF9 /* LaunchScreen.storyboard */ = {
			isa = PBXVariantGroup;
			children = (
				ABBC5C481E8DF8B900B18AF9 /* Base */,
			);
			name = LaunchScreen.storyboard;
			sourceTree = "<group>";
		};
/* End PBXVariantGroup section */

/* Begin XCBuildConfiguration section */
		ABBC5C4B1E8DF8B900B18AF9 /* Debug */ = {
			isa = XCBuildConfiguration;
			buildSettings = {
				ALWAYS_SEARCH_USER_PATHS = NO;
				CLANG_ANALYZER_NONNULL = YES;
				CLANG_CXX_LANGUAGE_STANDARD = "gnu++0x";
				CLANG_CXX_LIBRARY = "libc++";
				CLANG_ENABLE_MODULES = YES;
				CLANG_ENABLE_OBJC_ARC = YES;
				CLANG_WARN_BOOL_CONVERSION = YES;
				CLANG_WARN_CONSTANT_CONVERSION = YES;
				CLANG_WARN_DIRECT_OBJC_ISA_USAGE = YES_ERROR;
				CLANG_WARN_DOCUMENTATION_COMMENTS = YES;
				CLANG_WARN_EMPTY_BODY = YES;
				CLANG_WARN_ENUM_CONVERSION = YES;
				CLANG_WARN_INFINITE_RECURSION = YES;
				CLANG_WARN_INT_CONVERSION = YES;
				CLANG_WARN_OBJC_ROOT_CLASS = YES_ERROR;
				CLANG_WARN_SUSPICIOUS_MOVE = YES;
				CLANG_WARN_UNREACHABLE_CODE = YES;
				CLANG_WARN__DUPLICATE_METHOD_MATCH = YES;
				"CODE_SIGN_IDENTITY[sdk=iphoneos*]" = "iPhone Developer";
				COPY_PHASE_STRIP = NO;
				DEBUG_INFORMATION_FORMAT = dwarf;
				ENABLE_STRICT_OBJC_MSGSEND = YES;
				ENABLE_TESTABILITY = YES;
				GCC_C_LANGUAGE_STANDARD = gnu99;
				GCC_DYNAMIC_NO_PIC = NO;
				GCC_NO_COMMON_BLOCKS = YES;
				GCC_OPTIMIZATION_LEVEL = 0;
				GCC_PREPROCESSOR_DEFINITIONS = (
					"DEBUG=1",
					"$(inherited)",
				);
				GCC_WARN_64_TO_32_BIT_CONVERSION = YES;
				GCC_WARN_ABOUT_RETURN_TYPE = YES_ERROR;
				GCC_WARN_UNDECLARED_SELECTOR = YES;
				GCC_WARN_UNINITIALIZED_AUTOS = YES_AGGRESSIVE;
				GCC_WARN_UNUSED_FUNCTION = YES;
				GCC_WARN_UNUSED_VARIABLE = YES;
				IPHONEOS_DEPLOYMENT_TARGET = 10.2;
				MTL_ENABLE_DEBUG_INFO = YES;
				ONLY_ACTIVE_ARCH = YES;
				SDKROOT = iphoneos;
				SWIFT_ACTIVE_COMPILATION_CONDITIONS = DEBUG;
				SWIFT_OPTIMIZATION_LEVEL = "-Onone";
			};
			name = Debug;
		};
		ABBC5C4C1E8DF8B900B18AF9 /* Release */ = {
			isa = XCBuildConfiguration;
			buildSettings = {
				ALWAYS_SEARCH_USER_PATHS = NO;
				CLANG_ANALYZER_NONNULL = YES;
				CLANG_CXX_LANGUAGE_STANDARD = "gnu++0x";
				CLANG_CXX_LIBRARY = "libc++";
				CLANG_ENABLE_MODULES = YES;
				CLANG_ENABLE_OBJC_ARC = YES;
				CLANG_WARN_BOOL_CONVERSION = YES;
				CLANG_WARN_CONSTANT_CONVERSION = YES;
				CLANG_WARN_DIRECT_OBJC_ISA_USAGE = YES_ERROR;
				CLANG_WARN_DOCUMENTATION_COMMENTS = YES;
				CLANG_WARN_EMPTY_BODY = YES;
				CLANG_WARN_ENUM_CONVERSION = YES;
				CLANG_WARN_INFINITE_RECURSION = YES;
				CLANG_WARN_INT_CONVERSION = YES;
				CLANG_WARN_OBJC_ROOT_CLASS = YES_ERROR;
				CLANG_WARN_SUSPICIOUS_MOVE = YES;
				CLANG_WARN_UNREACHABLE_CODE = YES;
				CLANG_WARN__DUPLICATE_METHOD_MATCH = YES;
				"CODE_SIGN_IDENTITY[sdk=iphoneos*]" = "iPhone Developer";
				COPY_PHASE_STRIP = NO;
				DEBUG_INFORMATION_FORMAT = "dwarf-with-dsym";
				ENABLE_NS_ASSERTIONS = NO;
				ENABLE_STRICT_OBJC_MSGSEND = YES;
				GCC_C_LANGUAGE_STANDARD = gnu99;
				GCC_NO_COMMON_BLOCKS = YES;
				GCC_WARN_64_TO_32_BIT_CONVERSION = YES;
				GCC_WARN_ABOUT_RETURN_TYPE = YES_ERROR;
				GCC_WARN_UNDECLARED_SELECTOR = YES;
				GCC_WARN_UNINITIALIZED_AUTOS = YES_AGGRESSIVE;
				GCC_WARN_UNUSED_FUNCTION = YES;
				GCC_WARN_UNUSED_VARIABLE = YES;
				IPHONEOS_DEPLOYMENT_TARGET = 10.2;
				MTL_ENABLE_DEBUG_INFO = NO;
				SDKROOT = iphoneos;
				SWIFT_OPTIMIZATION_LEVEL = "-Owholemodule";
				VALIDATE_PRODUCT = YES;
			};
			name = Release;
		};
		ABBC5C4E1E8DF8B900B18AF9 /* Debug */ = {
			isa = XCBuildConfiguration;
			baseConfigurationReference = 0869E3A42E9CF0DEC6C25D4C /* Pods-tumblr.debug.xcconfig */;
			buildSettings = {
				ASSETCATALOG_COMPILER_APPICON_NAME = AppIcon;
				INFOPLIST_FILE = tumblr/Info.plist;
				LD_RUNPATH_SEARCH_PATHS = "$(inherited) @executable_path/Frameworks";
				PRODUCT_BUNDLE_IDENTIFIER = hollywodno.tumblr;
				PRODUCT_NAME = "$(TARGET_NAME)";
				SWIFT_VERSION = 3.0;
			};
			name = Debug;
		};
		ABBC5C4F1E8DF8B900B18AF9 /* Release */ = {
			isa = XCBuildConfiguration;
			baseConfigurationReference = DE4D184538A948624A1F3087 /* Pods-tumblr.release.xcconfig */;
			buildSettings = {
				ASSETCATALOG_COMPILER_APPICON_NAME = AppIcon;
				INFOPLIST_FILE = tumblr/Info.plist;
				LD_RUNPATH_SEARCH_PATHS = "$(inherited) @executable_path/Frameworks";
				PRODUCT_BUNDLE_IDENTIFIER = hollywodno.tumblr;
				PRODUCT_NAME = "$(TARGET_NAME)";
				SWIFT_VERSION = 3.0;
			};
			name = Release;
		};
/* End XCBuildConfiguration section */

/* Begin XCConfigurationList section */
		ABBC5C361E8DF8B900B18AF9 /* Build configuration list for PBXProject "tumblr" */ = {
			isa = XCConfigurationList;
			buildConfigurations = (
				ABBC5C4B1E8DF8B900B18AF9 /* Debug */,
				ABBC5C4C1E8DF8B900B18AF9 /* Release */,
			);
			defaultConfigurationIsVisible = 0;
			defaultConfigurationName = Release;
		};
		ABBC5C4D1E8DF8B900B18AF9 /* Build configuration list for PBXNativeTarget "tumblr" */ = {
			isa = XCConfigurationList;
			buildConfigurations = (
				ABBC5C4E1E8DF8B900B18AF9 /* Debug */,
				ABBC5C4F1E8DF8B900B18AF9 /* Release */,
			);
			defaultConfigurationIsVisible = 0;
			defaultConfigurationName = Release;
		};
/* End XCConfigurationList section */
	};
	rootObject = ABBC5C331E8DF8B900B18AF9 /* Project object */;
}
